
Microsoft Visual Studio Solution File, Format Version 12.00
# Visual Studio Version 17
VisualStudioVersion = 17.14.36127.28
MinimumVisualStudioVersion = 10.0.40219.1
Project("{2150E333-8FDC-42A3-9474-1A3956D46DE8}") = "Object", "Object", "{02EA681E-C7D8-13C7-8484-4AC65E1B71E8}"
EndProject
Project("{FAE04EC0-301F-11D3-BF4B-00C04F79EFBC}") = "Obj_Queue", "Object\Obj_Queue\Obj_Queue.csproj", "{4CF9B0D6-77A1-44FA-B0D1-377CA8150E3F}"
EndProject
Project("{2150E333-8FDC-42A3-9474-1A3956D46DE8}") = "Abstract", "Abstract", "{91F3778F-2245-4DCD-801B-4DEDA2D1A915}"
EndProject
Project("{FAE04EC0-301F-11D3-BF4B-00C04F79EFBC}") = "VisionProgram.UserControls", "VisionProgram.UserControls\VisionProgram.UserControls.csproj", "{F2B31BAF-5300-4840-A356-438444FB8A17}"
EndProject
Project("{FAE04EC0-301F-11D3-BF4B-00C04F79EFBC}") = "BaseThread", "Object\Abstract_Thread\BaseThread.csproj", "{FC86E310-61FA-4039-9F83-C55309347BE8}"
EndProject
Project("{2150E333-8FDC-42A3-9474-1A3956D46DE8}") = "Model", "Model", "{00CBF6FD-B30C-42D2-8A50-E4F03332AEB2}"
EndProject
Project("{FAE04EC0-301F-11D3-BF4B-00C04F79EFBC}") = "DataModel", "Model\DataModel\DataModel.csproj", "{BC2BFA33-EB95-4198-B3B3-169DCB520520}"
EndProject
Project("{FAE04EC0-301F-11D3-BF4B-00C04F79EFBC}") = "UIModel", "Model\UIModel\UIModel.csproj", "{68BE877E-2675-4369-9BCE-D90CE4D5C44B}"
EndProject
Project("{FAE04EC0-301F-11D3-BF4B-00C04F79EFBC}") = "Obj_Sql", "Object\Obj_Sql\Obj_Sql.csproj", "{6D48C037-7B9A-41C9-A742-758AB8D1D97B}"
EndProject
Project("{FAE04EC0-301F-11D3-BF4B-00C04F79EFBC}") = "ConstantModel", "Model\ConstantModel\ConstantModel.csproj", "{B6A02326-AD97-4501-81D9-ABC9FEA24594}"
EndProject
Project("{FAE04EC0-301F-11D3-BF4B-00C04F79EFBC}") = "EnumModel", "Model\EnumModel\EnumModel.csproj", "{9719F883-FEFC-41DE-AD38-9FAEBD203E85}"
EndProject
Project("{FAE04EC0-301F-11D3-BF4B-00C04F79EFBC}") = "Obj_Image", "Object\Obj_Image\Obj_Image.csproj", "{DABD3A69-DC25-41F9-B8B5-A23F637098D1}"
EndProject
Project("{FAE04EC0-301F-11D3-BF4B-00C04F79EFBC}") = "Obj_File", "Object\Obj_File\Obj_File.csproj", "{458D2EB6-B926-4F25-AD85-297937A88355}"
EndProject
Project("{FAE04EC0-301F-11D3-BF4B-00C04F79EFBC}") = "Obj_Message", "Object\Obj_Message\Obj_Message.csproj", "{4977349A-8D81-48CC-9DCC-D06385EF314F}"
EndProject
Project("{FAE04EC0-301F-11D3-BF4B-00C04F79EFBC}") = "HG_Vision", "HG_Vision\HG_Vision.csproj", "{41512D59-E70F-43E1-90FE-4058F39B6BFF}"
EndProject
Project("{FAE04EC0-301F-11D3-BF4B-00C04F79EFBC}") = "Obj_Utility", "Object\Obj_Utility\Obj_Utility.csproj", "{08F48CB2-BEE8-41C4-8EFE-BAA3EAE1CB8D}"
EndProject
Project("{FAE04EC0-301F-11D3-BF4B-00C04F79EFBC}") = "Socket", "Object\Abstract_Socket\Socket.csproj", "{45DE612B-9C13-4116-9AD3-D641873B8B36}"
EndProject
Project("{FAE04EC0-301F-11D3-BF4B-00C04F79EFBC}") = "Obj_Serialize", "Object\Obj_Serialize\Obj_Serialize.csproj", "{FE0E97E7-E541-4770-8E05-2C12BEC8CD7F}"
EndProject
Project("{FAE04EC0-301F-11D3-BF4B-00C04F79EFBC}") = "UserModel", "UserModel\UserModel.csproj", "{CE23DEC1-9690-4C17-BC3B-6F101A1C07AA}"
EndProject
Project("{FAE04EC0-301F-11D3-BF4B-00C04F79EFBC}") = "Obj_User", "Obj_User\Obj_User.csproj", "{49119092-0FF4-4EAA-9C4C-5037AC689672}"
EndProject
Global
	GlobalSection(SolutionConfigurationPlatforms) = preSolution
		Debug|Any CPU = Debug|Any CPU
		Debug|x64 = Debug|x64
		Debug|x86 = Debug|x86
		Release|Any CPU = Release|Any CPU
		Release|x64 = Release|x64
		Release|x86 = Release|x86
	EndGlobalSection
	GlobalSection(ProjectConfigurationPlatforms) = postSolution
		{4CF9B0D6-77A1-44FA-B0D1-377CA8150E3F}.Debug|Any CPU.ActiveCfg = Debug|Any CPU
		{4CF9B0D6-77A1-44FA-B0D1-377CA8150E3F}.Debug|Any CPU.Build.0 = Debug|Any CPU
		{4CF9B0D6-77A1-44FA-B0D1-377CA8150E3F}.Debug|x64.ActiveCfg = Debug|Any CPU
		{4CF9B0D6-77A1-44FA-B0D1-377CA8150E3F}.Debug|x64.Build.0 = Debug|Any CPU
		{4CF9B0D6-77A1-44FA-B0D1-377CA8150E3F}.Debug|x86.ActiveCfg = Debug|Any CPU
		{4CF9B0D6-77A1-44FA-B0D1-377CA8150E3F}.Debug|x86.Build.0 = Debug|Any CPU
		{4CF9B0D6-77A1-44FA-B0D1-377CA8150E3F}.Release|Any CPU.ActiveCfg = Release|Any CPU
		{4CF9B0D6-77A1-44FA-B0D1-377CA8150E3F}.Release|Any CPU.Build.0 = Release|Any CPU
		{4CF9B0D6-77A1-44FA-B0D1-377CA8150E3F}.Release|x64.ActiveCfg = Release|Any CPU
		{4CF9B0D6-77A1-44FA-B0D1-377CA8150E3F}.Release|x64.Build.0 = Release|Any CPU
		{4CF9B0D6-77A1-44FA-B0D1-377CA8150E3F}.Release|x86.ActiveCfg = Release|Any CPU
		{4CF9B0D6-77A1-44FA-B0D1-377CA8150E3F}.Release|x86.Build.0 = Release|Any CPU
		{F2B31BAF-5300-4840-A356-438444FB8A17}.Debug|Any CPU.ActiveCfg = Debug|Any CPU
		{F2B31BAF-5300-4840-A356-438444FB8A17}.Debug|Any CPU.Build.0 = Debug|Any CPU
		{F2B31BAF-5300-4840-A356-438444FB8A17}.Debug|x64.ActiveCfg = Debug|Any CPU
		{F2B31BAF-5300-4840-A356-438444FB8A17}.Debug|x64.Build.0 = Debug|Any CPU
		{F2B31BAF-5300-4840-A356-438444FB8A17}.Debug|x86.ActiveCfg = Debug|Any CPU
		{F2B31BAF-5300-4840-A356-438444FB8A17}.Debug|x86.Build.0 = Debug|Any CPU
		{F2B31BAF-5300-4840-A356-438444FB8A17}.Release|Any CPU.ActiveCfg = Release|Any CPU
		{F2B31BAF-5300-4840-A356-438444FB8A17}.Release|Any CPU.Build.0 = Release|Any CPU
		{F2B31BAF-5300-4840-A356-438444FB8A17}.Release|x64.ActiveCfg = Release|Any CPU
		{F2B31BAF-5300-4840-A356-438444FB8A17}.Release|x64.Build.0 = Release|Any CPU
		{F2B31BAF-5300-4840-A356-438444FB8A17}.Release|x86.ActiveCfg = Release|Any CPU
		{F2B31BAF-5300-4840-A356-438444FB8A17}.Release|x86.Build.0 = Release|Any CPU
		{FC86E310-61FA-4039-9F83-C55309347BE8}.Debug|Any CPU.ActiveCfg = Debug|Any CPU
		{FC86E310-61FA-4039-9F83-C55309347BE8}.Debug|Any CPU.Build.0 = Debug|Any CPU
		{FC86E310-61FA-4039-9F83-C55309347BE8}.Debug|x64.ActiveCfg = Debug|Any CPU
		{FC86E310-61FA-4039-9F83-C55309347BE8}.Debug|x64.Build.0 = Debug|Any CPU
		{FC86E310-61FA-4039-9F83-C55309347BE8}.Debug|x86.ActiveCfg = Debug|Any CPU
		{FC86E310-61FA-4039-9F83-C55309347BE8}.Debug|x86.Build.0 = Debug|Any CPU
		{FC86E310-61FA-4039-9F83-C55309347BE8}.Release|Any CPU.ActiveCfg = Release|Any CPU
		{FC86E310-61FA-4039-9F83-C55309347BE8}.Release|Any CPU.Build.0 = Release|Any CPU
		{FC86E310-61FA-4039-9F83-C55309347BE8}.Release|x64.ActiveCfg = Release|Any CPU
		{FC86E310-61FA-4039-9F83-C55309347BE8}.Release|x64.Build.0 = Release|Any CPU
		{FC86E310-61FA-4039-9F83-C55309347BE8}.Release|x86.ActiveCfg = Release|Any CPU
		{FC86E310-61FA-4039-9F83-C55309347BE8}.Release|x86.Build.0 = Release|Any CPU
		{BC2BFA33-EB95-4198-B3B3-169DCB520520}.Debug|Any CPU.ActiveCfg = Debug|Any CPU
		{BC2BFA33-EB95-4198-B3B3-169DCB520520}.Debug|Any CPU.Build.0 = Debug|Any CPU
		{BC2BFA33-EB95-4198-B3B3-169DCB520520}.Debug|x64.ActiveCfg = Debug|Any CPU
		{BC2BFA33-EB95-4198-B3B3-169DCB520520}.Debug|x64.Build.0 = Debug|Any CPU
		{BC2BFA33-EB95-4198-B3B3-169DCB520520}.Debug|x86.ActiveCfg = Debug|Any CPU
		{BC2BFA33-EB95-4198-B3B3-169DCB520520}.Debug|x86.Build.0 = Debug|Any CPU
		{BC2BFA33-EB95-4198-B3B3-169DCB520520}.Release|Any CPU.ActiveCfg = Release|Any CPU
		{BC2BFA33-EB95-4198-B3B3-169DCB520520}.Release|Any CPU.Build.0 = Release|Any CPU
		{BC2BFA33-EB95-4198-B3B3-169DCB520520}.Release|x64.ActiveCfg = Release|Any CPU
		{BC2BFA33-EB95-4198-B3B3-169DCB520520}.Release|x64.Build.0 = Release|Any CPU
		{BC2BFA33-EB95-4198-B3B3-169DCB520520}.Release|x86.ActiveCfg = Release|Any CPU
		{BC2BFA33-EB95-4198-B3B3-169DCB520520}.Release|x86.Build.0 = Release|Any CPU
		{68BE877E-2675-4369-9BCE-D90CE4D5C44B}.Debug|Any CPU.ActiveCfg = Debug|Any CPU
		{68BE877E-2675-4369-9BCE-D90CE4D5C44B}.Debug|Any CPU.Build.0 = Debug|Any CPU
		{68BE877E-2675-4369-9BCE-D90CE4D5C44B}.Debug|x64.ActiveCfg = Debug|Any CPU
		{68BE877E-2675-4369-9BCE-D90CE4D5C44B}.Debug|x64.Build.0 = Debug|Any CPU
		{68BE877E-2675-4369-9BCE-D90CE4D5C44B}.Debug|x86.ActiveCfg = Debug|Any CPU
		{68BE877E-2675-4369-9BCE-D90CE4D5C44B}.Debug|x86.Build.0 = Debug|Any CPU
		{68BE877E-2675-4369-9BCE-D90CE4D5C44B}.Release|Any CPU.ActiveCfg = Release|Any CPU
		{68BE877E-2675-4369-9BCE-D90CE4D5C44B}.Release|Any CPU.Build.0 = Release|Any CPU
		{68BE877E-2675-4369-9BCE-D90CE4D5C44B}.Release|x64.ActiveCfg = Release|Any CPU
		{68BE877E-2675-4369-9BCE-D90CE4D5C44B}.Release|x64.Build.0 = Release|Any CPU
		{68BE877E-2675-4369-9BCE-D90CE4D5C44B}.Release|x86.ActiveCfg = Release|Any CPU
		{68BE877E-2675-4369-9BCE-D90CE4D5C44B}.Release|x86.Build.0 = Release|Any CPU
		{6D48C037-7B9A-41C9-A742-758AB8D1D97B}.Debug|Any CPU.ActiveCfg = Debug|Any CPU
		{6D48C037-7B9A-41C9-A742-758AB8D1D97B}.Debug|Any CPU.Build.0 = Debug|Any CPU
		{6D48C037-7B9A-41C9-A742-758AB8D1D97B}.Debug|x64.ActiveCfg = Debug|Any CPU
		{6D48C037-7B9A-41C9-A742-758AB8D1D97B}.Debug|x64.Build.0 = Debug|Any CPU
		{6D48C037-7B9A-41C9-A742-758AB8D1D97B}.Debug|x86.ActiveCfg = Debug|Any CPU
		{6D48C037-7B9A-41C9-A742-758AB8D1D97B}.Debug|x86.Build.0 = Debug|Any CPU
		{6D48C037-7B9A-41C9-A742-758AB8D1D97B}.Release|Any CPU.ActiveCfg = Release|Any CPU
		{6D48C037-7B9A-41C9-A742-758AB8D1D97B}.Release|Any CPU.Build.0 = Release|Any CPU
		{6D48C037-7B9A-41C9-A742-758AB8D1D97B}.Release|x64.ActiveCfg = Release|Any CPU
		{6D48C037-7B9A-41C9-A742-758AB8D1D97B}.Release|x64.Build.0 = Release|Any CPU
		{6D48C037-7B9A-41C9-A742-758AB8D1D97B}.Release|x86.ActiveCfg = Release|Any CPU
		{6D48C037-7B9A-41C9-A742-758AB8D1D97B}.Release|x86.Build.0 = Release|Any CPU
		{B6A02326-AD97-4501-81D9-ABC9FEA24594}.Debug|Any CPU.ActiveCfg = Debug|Any CPU
		{B6A02326-AD97-4501-81D9-ABC9FEA24594}.Debug|Any CPU.Build.0 = Debug|Any CPU
		{B6A02326-AD97-4501-81D9-ABC9FEA24594}.Debug|x64.ActiveCfg = Debug|Any CPU
		{B6A02326-AD97-4501-81D9-ABC9FEA24594}.Debug|x64.Build.0 = Debug|Any CPU
		{B6A02326-AD97-4501-81D9-ABC9FEA24594}.Debug|x86.ActiveCfg = Debug|Any CPU
		{B6A02326-AD97-4501-81D9-ABC9FEA24594}.Debug|x86.Build.0 = Debug|Any CPU
		{B6A02326-AD97-4501-81D9-ABC9FEA24594}.Release|Any CPU.ActiveCfg = Release|Any CPU
		{B6A02326-AD97-4501-81D9-ABC9FEA24594}.Release|Any CPU.Build.0 = Release|Any CPU
		{B6A02326-AD97-4501-81D9-ABC9FEA24594}.Release|x64.ActiveCfg = Release|Any CPU
		{B6A02326-AD97-4501-81D9-ABC9FEA24594}.Release|x64.Build.0 = Release|Any CPU
		{B6A02326-AD97-4501-81D9-ABC9FEA24594}.Release|x86.ActiveCfg = Release|Any CPU
		{B6A02326-AD97-4501-81D9-ABC9FEA24594}.Release|x86.Build.0 = Release|Any CPU
		{9719F883-FEFC-41DE-AD38-9FAEBD203E85}.Debug|Any CPU.ActiveCfg = Debug|Any CPU
		{9719F883-FEFC-41DE-AD38-9FAEBD203E85}.Debug|Any CPU.Build.0 = Debug|Any CPU
		{9719F883-FEFC-41DE-AD38-9FAEBD203E85}.Debug|x64.ActiveCfg = Debug|Any CPU
		{9719F883-FEFC-41DE-AD38-9FAEBD203E85}.Debug|x64.Build.0 = Debug|Any CPU
		{9719F883-FEFC-41DE-AD38-9FAEBD203E85}.Debug|x86.ActiveCfg = Debug|Any CPU
		{9719F883-FEFC-41DE-AD38-9FAEBD203E85}.Debug|x86.Build.0 = Debug|Any CPU
		{9719F883-FEFC-41DE-AD38-9FAEBD203E85}.Release|Any CPU.ActiveCfg = Release|Any CPU
		{9719F883-FEFC-41DE-AD38-9FAEBD203E85}.Release|Any CPU.Build.0 = Release|Any CPU
		{9719F883-FEFC-41DE-AD38-9FAEBD203E85}.Release|x64.ActiveCfg = Release|Any CPU
		{9719F883-FEFC-41DE-AD38-9FAEBD203E85}.Release|x64.Build.0 = Release|Any CPU
		{9719F883-FEFC-41DE-AD38-9FAEBD203E85}.Release|x86.ActiveCfg = Release|Any CPU
		{9719F883-FEFC-41DE-AD38-9FAEBD203E85}.Release|x86.Build.0 = Release|Any CPU
		{DABD3A69-DC25-41F9-B8B5-A23F637098D1}.Debug|Any CPU.ActiveCfg = Debug|Any CPU
		{DABD3A69-DC25-41F9-B8B5-A23F637098D1}.Debug|Any CPU.Build.0 = Debug|Any CPU
		{DABD3A69-DC25-41F9-B8B5-A23F637098D1}.Debug|x64.ActiveCfg = Debug|Any CPU
		{DABD3A69-DC25-41F9-B8B5-A23F637098D1}.Debug|x64.Build.0 = Debug|Any CPU
		{DABD3A69-DC25-41F9-B8B5-A23F637098D1}.Debug|x86.ActiveCfg = Debug|Any CPU
		{DABD3A69-DC25-41F9-B8B5-A23F637098D1}.Debug|x86.Build.0 = Debug|Any CPU
		{DABD3A69-DC25-41F9-B8B5-A23F637098D1}.Release|Any CPU.ActiveCfg = Release|Any CPU
		{DABD3A69-DC25-41F9-B8B5-A23F637098D1}.Release|Any CPU.Build.0 = Release|Any CPU
		{DABD3A69-DC25-41F9-B8B5-A23F637098D1}.Release|x64.ActiveCfg = Release|Any CPU
		{DABD3A69-DC25-41F9-B8B5-A23F637098D1}.Release|x64.Build.0 = Release|Any CPU
		{DABD3A69-DC25-41F9-B8B5-A23F637098D1}.Release|x86.ActiveCfg = Release|Any CPU
		{DABD3A69-DC25-41F9-B8B5-A23F637098D1}.Release|x86.Build.0 = Release|Any CPU
		{458D2EB6-B926-4F25-AD85-297937A88355}.Debug|Any CPU.ActiveCfg = Debug|Any CPU
		{458D2EB6-B926-4F25-AD85-297937A88355}.Debug|Any CPU.Build.0 = Debug|Any CPU
		{458D2EB6-B926-4F25-AD85-297937A88355}.Debug|x64.ActiveCfg = Debug|Any CPU
		{458D2EB6-B926-4F25-AD85-297937A88355}.Debug|x64.Build.0 = Debug|Any CPU
		{458D2EB6-B926-4F25-AD85-297937A88355}.Debug|x86.ActiveCfg = Debug|Any CPU
		{458D2EB6-B926-4F25-AD85-297937A88355}.Debug|x86.Build.0 = Debug|Any CPU
		{458D2EB6-B926-4F25-AD85-297937A88355}.Release|Any CPU.ActiveCfg = Release|Any CPU
		{458D2EB6-B926-4F25-AD85-297937A88355}.Release|Any CPU.Build.0 = Release|Any CPU
		{458D2EB6-B926-4F25-AD85-297937A88355}.Release|x64.ActiveCfg = Release|Any CPU
		{458D2EB6-B926-4F25-AD85-297937A88355}.Release|x64.Build.0 = Release|Any CPU
		{458D2EB6-B926-4F25-AD85-297937A88355}.Release|x86.ActiveCfg = Release|Any CPU
		{458D2EB6-B926-4F25-AD85-297937A88355}.Release|x86.Build.0 = Release|Any CPU
		{4977349A-8D81-48CC-9DCC-D06385EF314F}.Debug|Any CPU.ActiveCfg = Debug|Any CPU
		{4977349A-8D81-48CC-9DCC-D06385EF314F}.Debug|Any CPU.Build.0 = Debug|Any CPU
		{4977349A-8D81-48CC-9DCC-D06385EF314F}.Debug|x64.ActiveCfg = Debug|Any CPU
		{4977349A-8D81-48CC-9DCC-D06385EF314F}.Debug|x64.Build.0 = Debug|Any CPU
		{4977349A-8D81-48CC-9DCC-D06385EF314F}.Debug|x86.ActiveCfg = Debug|Any CPU
		{4977349A-8D81-48CC-9DCC-D06385EF314F}.Debug|x86.Build.0 = Debug|Any CPU
		{4977349A-8D81-48CC-9DCC-D06385EF314F}.Release|Any CPU.ActiveCfg = Release|Any CPU
		{4977349A-8D81-48CC-9DCC-D06385EF314F}.Release|Any CPU.Build.0 = Release|Any CPU
		{4977349A-8D81-48CC-9DCC-D06385EF314F}.Release|x64.ActiveCfg = Release|Any CPU
		{4977349A-8D81-48CC-9DCC-D06385EF314F}.Release|x64.Build.0 = Release|Any CPU
		{4977349A-8D81-48CC-9DCC-D06385EF314F}.Release|x86.ActiveCfg = Release|Any CPU
		{4977349A-8D81-48CC-9DCC-D06385EF314F}.Release|x86.Build.0 = Release|Any CPU
		{41512D59-E70F-43E1-90FE-4058F39B6BFF}.Debug|Any CPU.ActiveCfg = Debug|Any CPU
		{41512D59-E70F-43E1-90FE-4058F39B6BFF}.Debug|Any CPU.Build.0 = Debug|Any CPU
		{41512D59-E70F-43E1-90FE-4058F39B6BFF}.Debug|x64.ActiveCfg = Debug|x64
		{41512D59-E70F-43E1-90FE-4058F39B6BFF}.Debug|x64.Build.0 = Debug|x64
		{41512D59-E70F-43E1-90FE-4058F39B6BFF}.Debug|x86.ActiveCfg = Debug|Any CPU
		{41512D59-E70F-43E1-90FE-4058F39B6BFF}.Debug|x86.Build.0 = Debug|Any CPU
		{41512D59-E70F-43E1-90FE-4058F39B6BFF}.Release|Any CPU.ActiveCfg = Release|Any CPU
		{41512D59-E70F-43E1-90FE-4058F39B6BFF}.Release|Any CPU.Build.0 = Release|Any CPU
		{41512D59-E70F-43E1-90FE-4058F39B6BFF}.Release|x64.ActiveCfg = Release|x64
		{41512D59-E70F-43E1-90FE-4058F39B6BFF}.Release|x64.Build.0 = Release|x64
		{41512D59-E70F-43E1-90FE-4058F39B6BFF}.Release|x86.ActiveCfg = Release|Any CPU
		{41512D59-E70F-43E1-90FE-4058F39B6BFF}.Release|x86.Build.0 = Release|Any CPU
		{08F48CB2-BEE8-41C4-8EFE-BAA3EAE1CB8D}.Debug|Any CPU.ActiveCfg = Debug|Any CPU
		{08F48CB2-BEE8-41C4-8EFE-BAA3EAE1CB8D}.Debug|Any CPU.Build.0 = Debug|Any CPU
		{08F48CB2-BEE8-41C4-8EFE-BAA3EAE1CB8D}.Debug|x64.ActiveCfg = Debug|Any CPU
		{08F48CB2-BEE8-41C4-8EFE-BAA3EAE1CB8D}.Debug|x64.Build.0 = Debug|Any CPU
		{08F48CB2-BEE8-41C4-8EFE-BAA3EAE1CB8D}.Debug|x86.ActiveCfg = Debug|Any CPU
		{08F48CB2-BEE8-41C4-8EFE-BAA3EAE1CB8D}.Debug|x86.Build.0 = Debug|Any CPU
		{08F48CB2-BEE8-41C4-8EFE-BAA3EAE1CB8D}.Release|Any CPU.ActiveCfg = Release|Any CPU
		{08F48CB2-BEE8-41C4-8EFE-BAA3EAE1CB8D}.Release|Any CPU.Build.0 = Release|Any CPU
		{08F48CB2-BEE8-41C4-8EFE-BAA3EAE1CB8D}.Release|x64.ActiveCfg = Release|Any CPU
		{08F48CB2-BEE8-41C4-8EFE-BAA3EAE1CB8D}.Release|x64.Build.0 = Release|Any CPU
		{08F48CB2-BEE8-41C4-8EFE-BAA3EAE1CB8D}.Release|x86.ActiveCfg = Release|Any CPU
		{08F48CB2-BEE8-41C4-8EFE-BAA3EAE1CB8D}.Release|x86.Build.0 = Release|Any CPU
		{45DE612B-9C13-4116-9AD3-D641873B8B36}.Debug|Any CPU.ActiveCfg = Debug|Any CPU
		{45DE612B-9C13-4116-9AD3-D641873B8B36}.Debug|Any CPU.Build.0 = Debug|Any CPU
		{45DE612B-9C13-4116-9AD3-D641873B8B36}.Debug|x64.ActiveCfg = Debug|Any CPU
		{45DE612B-9C13-4116-9AD3-D641873B8B36}.Debug|x64.Build.0 = Debug|Any CPU
		{45DE612B-9C13-4116-9AD3-D641873B8B36}.Debug|x86.ActiveCfg = Debug|Any CPU
		{45DE612B-9C13-4116-9AD3-D641873B8B36}.Debug|x86.Build.0 = Debug|Any CPU
		{45DE612B-9C13-4116-9AD3-D641873B8B36}.Release|Any CPU.ActiveCfg = Release|Any CPU
		{45DE612B-9C13-4116-9AD3-D641873B8B36}.Release|Any CPU.Build.0 = Release|Any CPU
		{45DE612B-9C13-4116-9AD3-D641873B8B36}.Release|x64.ActiveCfg = Release|Any CPU
		{45DE612B-9C13-4116-9AD3-D641873B8B36}.Release|x64.Build.0 = Release|Any CPU
		{45DE612B-9C13-4116-9AD3-D641873B8B36}.Release|x86.ActiveCfg = Release|Any CPU
		{45DE612B-9C13-4116-9AD3-D641873B8B36}.Release|x86.Build.0 = Release|Any CPU
		{FE0E97E7-E541-4770-8E05-2C12BEC8CD7F}.Debug|Any CPU.ActiveCfg = Debug|Any CPU
		{FE0E97E7-E541-4770-8E05-2C12BEC8CD7F}.Debug|Any CPU.Build.0 = Debug|Any CPU
		{FE0E97E7-E541-4770-8E05-2C12BEC8CD7F}.Debug|x64.ActiveCfg = Debug|Any CPU
		{FE0E97E7-E541-4770-8E05-2C12BEC8CD7F}.Debug|x64.Build.0 = Debug|Any CPU
		{FE0E97E7-E541-4770-8E05-2C12BEC8CD7F}.Debug|x86.ActiveCfg = Debug|Any CPU
		{FE0E97E7-E541-4770-8E05-2C12BEC8CD7F}.Debug|x86.Build.0 = Debug|Any CPU
		{FE0E97E7-E541-4770-8E05-2C12BEC8CD7F}.Release|Any CPU.ActiveCfg = Release|Any CPU
		{FE0E97E7-E541-4770-8E05-2C12BEC8CD7F}.Release|Any CPU.Build.0 = Release|Any CPU
		{FE0E97E7-E541-4770-8E05-2C12BEC8CD7F}.Release|x64.ActiveCfg = Release|Any CPU
		{FE0E97E7-E541-4770-8E05-2C12BEC8CD7F}.Release|x64.Build.0 = Release|Any CPU
		{FE0E97E7-E541-4770-8E05-2C12BEC8CD7F}.Release|x86.ActiveCfg = Release|Any CPU
		{FE0E97E7-E541-4770-8E05-2C12BEC8CD7F}.Release|x86.Build.0 = Release|Any CPU
		{CE23DEC1-9690-4C17-BC3B-6F101A1C07AA}.Debug|Any CPU.ActiveCfg = Debug|Any CPU
		{CE23DEC1-9690-4C17-BC3B-6F101A1C07AA}.Debug|Any CPU.Build.0 = Debug|Any CPU
		{CE23DEC1-9690-4C17-BC3B-6F101A1C07AA}.Debug|x64.ActiveCfg = Debug|Any CPU
		{CE23DEC1-9690-4C17-BC3B-6F101A1C07AA}.Debug|x64.Build.0 = Debug|Any CPU
		{CE23DEC1-9690-4C17-BC3B-6F101A1C07AA}.Debug|x86.ActiveCfg = Debug|Any CPU
		{CE23DEC1-9690-4C17-BC3B-6F101A1C07AA}.Debug|x86.Build.0 = Debug|Any CPU
		{CE23DEC1-9690-4C17-BC3B-6F101A1C07AA}.Release|Any CPU.ActiveCfg = Release|Any CPU
		{CE23DEC1-9690-4C17-BC3B-6F101A1C07AA}.Release|Any CPU.Build.0 = Release|Any CPU
		{CE23DEC1-9690-4C17-BC3B-6F101A1C07AA}.Release|x64.ActiveCfg = Release|Any CPU
		{CE23DEC1-9690-4C17-BC3B-6F101A1C07AA}.Release|x64.Build.0 = Release|Any CPU
		{CE23DEC1-9690-4C17-BC3B-6F101A1C07AA}.Release|x86.ActiveCfg = Release|Any CPU
		{CE23DEC1-9690-4C17-BC3B-6F101A1C07AA}.Release|x86.Build.0 = Release|Any CPU
		{49119092-0FF4-4EAA-9C4C-5037AC689672}.Debug|Any CPU.ActiveCfg = Debug|Any CPU
		{49119092-0FF4-4EAA-9C4C-5037AC689672}.Debug|Any CPU.Build.0 = Debug|Any CPU
		{49119092-0FF4-4EAA-9C4C-5037AC689672}.Debug|x64.ActiveCfg = Debug|Any CPU
		{49119092-0FF4-4EAA-9C4C-5037AC689672}.Debug|x64.Build.0 = Debug|Any CPU
		{49119092-0FF4-4EAA-9C4C-5037AC689672}.Debug|x86.ActiveCfg = Debug|Any CPU
		{49119092-0FF4-4EAA-9C4C-5037AC689672}.Debug|x86.Build.0 = Debug|Any CPU
		{49119092-0FF4-4EAA-9C4C-5037AC689672}.Release|Any CPU.ActiveCfg = Release|Any CPU
		{49119092-0FF4-4EAA-9C4C-5037AC689672}.Release|Any CPU.Build.0 = Release|Any CPU
		{49119092-0FF4-4EAA-9C4C-5037AC689672}.Release|x64.ActiveCfg = Release|Any CPU
		{49119092-0FF4-4EAA-9C4C-5037AC689672}.Release|x64.Build.0 = Release|Any CPU
		{49119092-0FF4-4EAA-9C4C-5037AC689672}.Release|x86.ActiveCfg = Release|Any CPU
		{49119092-0FF4-4EAA-9C4C-5037AC689672}.Release|x86.Build.0 = Release|Any CPU
	EndGlobalSection
	GlobalSection(SolutionProperties) = preSolution
		HideSolutionNode = FALSE
	EndGlobalSection
	GlobalSection(NestedProjects) = preSolution
		{4CF9B0D6-77A1-44FA-B0D1-377CA8150E3F} = {02EA681E-C7D8-13C7-8484-4AC65E1B71E8}
		{FC86E310-61FA-4039-9F83-C55309347BE8} = {91F3778F-2245-4DCD-801B-4DEDA2D1A915}
		{BC2BFA33-EB95-4198-B3B3-169DCB520520} = {00CBF6FD-B30C-42D2-8A50-E4F03332AEB2}
		{68BE877E-2675-4369-9BCE-D90CE4D5C44B} = {00CBF6FD-B30C-42D2-8A50-E4F03332AEB2}
		{6D48C037-7B9A-41C9-A742-758AB8D1D97B} = {02EA681E-C7D8-13C7-8484-4AC65E1B71E8}
		{B6A02326-AD97-4501-81D9-ABC9FEA24594} = {00CBF6FD-B30C-42D2-8A50-E4F03332AEB2}
		{9719F883-FEFC-41DE-AD38-9FAEBD203E85} = {00CBF6FD-B30C-42D2-8A50-E4F03332AEB2}
		{DABD3A69-DC25-41F9-B8B5-A23F637098D1} = {02EA681E-C7D8-13C7-8484-4AC65E1B71E8}
		{458D2EB6-B926-4F25-AD85-297937A88355} = {02EA681E-C7D8-13C7-8484-4AC65E1B71E8}
		{4977349A-8D81-48CC-9DCC-D06385EF314F} = {02EA681E-C7D8-13C7-8484-4AC65E1B71E8}
		{08F48CB2-BEE8-41C4-8EFE-BAA3EAE1CB8D} = {02EA681E-C7D8-13C7-8484-4AC65E1B71E8}
		{45DE612B-9C13-4116-9AD3-D641873B8B36} = {91F3778F-2245-4DCD-801B-4DEDA2D1A915}
		{FE0E97E7-E541-4770-8E05-2C12BEC8CD7F} = {02EA681E-C7D8-13C7-8484-4AC65E1B71E8}
		{CE23DEC1-9690-4C17-BC3B-6F101A1C07AA} = {00CBF6FD-B30C-42D2-8A50-E4F03332AEB2}
		{49119092-0FF4-4EAA-9C4C-5037AC689672} = {02EA681E-C7D8-13C7-8484-4AC65E1B71E8}
	EndGlobalSection
	GlobalSection(ExtensibilityGlobals) = postSolution
		SolutionGuid = {58208FD9-9E6B-4481-8AF9-C95AC51A83F7}
	EndGlobalSection
EndGlobal
