
Microsoft Visual Studio Solution File, Format Version 12.00
# Visual Studio 14
VisualStudioVersion = 14.0.23107.0
MinimumVisualStudioVersion = 10.0.40219.1
Project("{FAE04EC0-301F-11D3-BF4B-00C04F79EFBC}") = "VisionProgram.Main", "VisionProgram.Main\VisionProgram.Main.csproj", "{774DB7F5-51C8-464B-B5FD-FE4BC1EB711D}"
	ProjectSection(ProjectDependencies) = postProject
		{2C08229F-4369-4E25-AA8F-38A5669786CE} = {2C08229F-4369-4E25-AA8F-38A5669786CE}
		{F150A1B4-D014-430B-8939-1F354331B05E} = {F150A1B4-D014-430B-8939-1F354331B05E}
	EndProjectSection
EndProject
Project("{FAE04EC0-301F-11D3-BF4B-00C04F79EFBC}") = "VisionProgram.SplashScreen", "VisionProgram.SplashScreen\VisionProgram.SplashScreen.csproj", "{0E6A369A-B574-434A-A141-172342A54A3F}"
	ProjectSection(ProjectDependencies) = postProject
		{F2B31BAF-5300-4840-A356-438444FB8A17} = {F2B31BAF-5300-4840-A356-438444FB8A17}
	EndProjectSection
EndProject
Project("{FAE04EC0-301F-11D3-BF4B-00C04F79EFBC}") = "VisionProgram.Common", "VisionProgram.Common\VisionProgram.Common.csproj", "{F150A1B4-D014-430B-8939-1F354331B05E}"
	ProjectSection(ProjectDependencies) = postProject
		{2C08229F-4369-4E25-AA8F-38A5669786CE} = {2C08229F-4369-4E25-AA8F-38A5669786CE}
		{F2B31BAF-5300-4840-A356-438444FB8A17} = {F2B31BAF-5300-4840-A356-438444FB8A17}
	EndProjectSection
EndProject
Project("{FAE04EC0-301F-11D3-BF4B-00C04F79EFBC}") = "VisionProgram.UI", "VisionProgram.UI\VisionProgram.UI.csproj", "{41512D59-E70F-43E1-90FE-4058F39B6BFF}"
	ProjectSection(ProjectDependencies) = postProject
		{0E6A369A-B574-434A-A141-172342A54A3F} = {0E6A369A-B574-434A-A141-172342A54A3F}
		{2C08229F-4369-4E25-AA8F-38A5669786CE} = {2C08229F-4369-4E25-AA8F-38A5669786CE}
		{F2B31BAF-5300-4840-A356-438444FB8A17} = {F2B31BAF-5300-4840-A356-438444FB8A17}
		{F150A1B4-D014-430B-8939-1F354331B05E} = {F150A1B4-D014-430B-8939-1F354331B05E}
		{774DB7F5-51C8-464B-B5FD-FE4BC1EB711D} = {774DB7F5-51C8-464B-B5FD-FE4BC1EB711D}
	EndProjectSection
EndProject
Project("{FAE04EC0-301F-11D3-BF4B-00C04F79EFBC}") = "VisionProgram.Models", "VisionProgram.Models\VisionProgram.Models.csproj", "{2C08229F-4369-4E25-AA8F-38A5669786CE}"
EndProject
Project("{FAE04EC0-301F-11D3-BF4B-00C04F79EFBC}") = "VisionProgram.UserControls", "VisionProgram.UserControls\VisionProgram.UserControls.csproj", "{F2B31BAF-5300-4840-A356-438444FB8A17}"
EndProject
Global
	GlobalSection(SolutionConfigurationPlatforms) = preSolution
		Debug|Any CPU = Debug|Any CPU
		Debug|x64 = Debug|x64
		Debug|x86 = Debug|x86
		Release|Any CPU = Release|Any CPU
		Release|x64 = Release|x64
		Release|x86 = Release|x86
	EndGlobalSection
	GlobalSection(ProjectConfigurationPlatforms) = postSolution
		{774DB7F5-51C8-464B-B5FD-FE4BC1EB711D}.Debug|Any CPU.ActiveCfg = Release|x64
		{774DB7F5-51C8-464B-B5FD-FE4BC1EB711D}.Debug|Any CPU.Build.0 = Release|x64
		{774DB7F5-51C8-464B-B5FD-FE4BC1EB711D}.Debug|x64.ActiveCfg = Debug|x64
		{774DB7F5-51C8-464B-B5FD-FE4BC1EB711D}.Debug|x64.Build.0 = Debug|x64
		{774DB7F5-51C8-464B-B5FD-FE4BC1EB711D}.Debug|x86.ActiveCfg = Release|Any CPU
		{774DB7F5-51C8-464B-B5FD-FE4BC1EB711D}.Debug|x86.Build.0 = Release|Any CPU
		{774DB7F5-51C8-464B-B5FD-FE4BC1EB711D}.Release|Any CPU.ActiveCfg = Release|Any CPU
		{774DB7F5-51C8-464B-B5FD-FE4BC1EB711D}.Release|Any CPU.Build.0 = Release|Any CPU
		{774DB7F5-51C8-464B-B5FD-FE4BC1EB711D}.Release|x64.ActiveCfg = Release|Any CPU
		{774DB7F5-51C8-464B-B5FD-FE4BC1EB711D}.Release|x64.Build.0 = Release|Any CPU
		{774DB7F5-51C8-464B-B5FD-FE4BC1EB711D}.Release|x86.ActiveCfg = Release|Any CPU
		{774DB7F5-51C8-464B-B5FD-FE4BC1EB711D}.Release|x86.Build.0 = Release|Any CPU
		{0E6A369A-B574-434A-A141-172342A54A3F}.Debug|Any CPU.ActiveCfg = Release|x64
		{0E6A369A-B574-434A-A141-172342A54A3F}.Debug|Any CPU.Build.0 = Release|x64
		{0E6A369A-B574-434A-A141-172342A54A3F}.Debug|x64.ActiveCfg = Debug|x64
		{0E6A369A-B574-434A-A141-172342A54A3F}.Debug|x64.Build.0 = Debug|x64
		{0E6A369A-B574-434A-A141-172342A54A3F}.Debug|x86.ActiveCfg = Release|x86
		{0E6A369A-B574-434A-A141-172342A54A3F}.Debug|x86.Build.0 = Release|x86
		{0E6A369A-B574-434A-A141-172342A54A3F}.Release|Any CPU.ActiveCfg = Release|x86
		{0E6A369A-B574-434A-A141-172342A54A3F}.Release|Any CPU.Build.0 = Release|x86
		{0E6A369A-B574-434A-A141-172342A54A3F}.Release|x64.ActiveCfg = Release|x86
		{0E6A369A-B574-434A-A141-172342A54A3F}.Release|x64.Build.0 = Release|x86
		{0E6A369A-B574-434A-A141-172342A54A3F}.Release|x86.ActiveCfg = Release|x86
		{0E6A369A-B574-434A-A141-172342A54A3F}.Release|x86.Build.0 = Release|x86
		{F150A1B4-D014-430B-8939-1F354331B05E}.Debug|Any CPU.ActiveCfg = Debug|Any CPU
		{F150A1B4-D014-430B-8939-1F354331B05E}.Debug|Any CPU.Build.0 = Debug|Any CPU
		{F150A1B4-D014-430B-8939-1F354331B05E}.Debug|x64.ActiveCfg = Debug|x64
		{F150A1B4-D014-430B-8939-1F354331B05E}.Debug|x64.Build.0 = Debug|x64
		{F150A1B4-D014-430B-8939-1F354331B05E}.Debug|x86.ActiveCfg = Debug|Any CPU
		{F150A1B4-D014-430B-8939-1F354331B05E}.Debug|x86.Build.0 = Debug|Any CPU
		{F150A1B4-D014-430B-8939-1F354331B05E}.Release|Any CPU.ActiveCfg = Release|Any CPU
		{F150A1B4-D014-430B-8939-1F354331B05E}.Release|Any CPU.Build.0 = Release|Any CPU
		{F150A1B4-D014-430B-8939-1F354331B05E}.Release|x64.ActiveCfg = Release|Any CPU
		{F150A1B4-D014-430B-8939-1F354331B05E}.Release|x64.Build.0 = Release|Any CPU
		{F150A1B4-D014-430B-8939-1F354331B05E}.Release|x86.ActiveCfg = Release|Any CPU
		{F150A1B4-D014-430B-8939-1F354331B05E}.Release|x86.Build.0 = Release|Any CPU
		{41512D59-E70F-43E1-90FE-4058F39B6BFF}.Debug|Any CPU.ActiveCfg = Debug|Any CPU
		{41512D59-E70F-43E1-90FE-4058F39B6BFF}.Debug|Any CPU.Build.0 = Debug|Any CPU
		{41512D59-E70F-43E1-90FE-4058F39B6BFF}.Debug|x64.ActiveCfg = Debug|x64
		{41512D59-E70F-43E1-90FE-4058F39B6BFF}.Debug|x64.Build.0 = Debug|x64
		{41512D59-E70F-43E1-90FE-4058F39B6BFF}.Debug|x86.ActiveCfg = Debug|Any CPU
		{41512D59-E70F-43E1-90FE-4058F39B6BFF}.Debug|x86.Build.0 = Debug|Any CPU
		{41512D59-E70F-43E1-90FE-4058F39B6BFF}.Release|Any CPU.ActiveCfg = Release|Any CPU
		{41512D59-E70F-43E1-90FE-4058F39B6BFF}.Release|Any CPU.Build.0 = Release|Any CPU
		{41512D59-E70F-43E1-90FE-4058F39B6BFF}.Release|x64.ActiveCfg = Release|Any CPU
		{41512D59-E70F-43E1-90FE-4058F39B6BFF}.Release|x64.Build.0 = Release|Any CPU
		{41512D59-E70F-43E1-90FE-4058F39B6BFF}.Release|x86.ActiveCfg = Release|Any CPU
		{41512D59-E70F-43E1-90FE-4058F39B6BFF}.Release|x86.Build.0 = Release|Any CPU
		{2C08229F-4369-4E25-AA8F-38A5669786CE}.Debug|Any CPU.ActiveCfg = Debug|Any CPU
		{2C08229F-4369-4E25-AA8F-38A5669786CE}.Debug|Any CPU.Build.0 = Debug|Any CPU
		{2C08229F-4369-4E25-AA8F-38A5669786CE}.Debug|x64.ActiveCfg = Debug|x64
		{2C08229F-4369-4E25-AA8F-38A5669786CE}.Debug|x64.Build.0 = Debug|x64
		{2C08229F-4369-4E25-AA8F-38A5669786CE}.Debug|x86.ActiveCfg = Debug|Any CPU
		{2C08229F-4369-4E25-AA8F-38A5669786CE}.Debug|x86.Build.0 = Debug|Any CPU
		{2C08229F-4369-4E25-AA8F-38A5669786CE}.Release|Any CPU.ActiveCfg = Release|Any CPU
		{2C08229F-4369-4E25-AA8F-38A5669786CE}.Release|Any CPU.Build.0 = Release|Any CPU
		{2C08229F-4369-4E25-AA8F-38A5669786CE}.Release|x64.ActiveCfg = Release|Any CPU
		{2C08229F-4369-4E25-AA8F-38A5669786CE}.Release|x64.Build.0 = Release|Any CPU
		{2C08229F-4369-4E25-AA8F-38A5669786CE}.Release|x86.ActiveCfg = Release|Any CPU
		{2C08229F-4369-4E25-AA8F-38A5669786CE}.Release|x86.Build.0 = Release|Any CPU
		{F2B31BAF-5300-4840-A356-438444FB8A17}.Debug|Any CPU.ActiveCfg = Debug|Any CPU
		{F2B31BAF-5300-4840-A356-438444FB8A17}.Debug|Any CPU.Build.0 = Debug|Any CPU
		{F2B31BAF-5300-4840-A356-438444FB8A17}.Debug|x64.ActiveCfg = Debug|Any CPU
		{F2B31BAF-5300-4840-A356-438444FB8A17}.Debug|x64.Build.0 = Debug|Any CPU
		{F2B31BAF-5300-4840-A356-438444FB8A17}.Debug|x86.ActiveCfg = Debug|Any CPU
		{F2B31BAF-5300-4840-A356-438444FB8A17}.Debug|x86.Build.0 = Debug|Any CPU
		{F2B31BAF-5300-4840-A356-438444FB8A17}.Release|Any CPU.ActiveCfg = Release|Any CPU
		{F2B31BAF-5300-4840-A356-438444FB8A17}.Release|Any CPU.Build.0 = Release|Any CPU
		{F2B31BAF-5300-4840-A356-438444FB8A17}.Release|x64.ActiveCfg = Release|Any CPU
		{F2B31BAF-5300-4840-A356-438444FB8A17}.Release|x64.Build.0 = Release|Any CPU
		{F2B31BAF-5300-4840-A356-438444FB8A17}.Release|x86.ActiveCfg = Release|Any CPU
		{F2B31BAF-5300-4840-A356-438444FB8A17}.Release|x86.Build.0 = Release|Any CPU
	EndGlobalSection
	GlobalSection(SolutionProperties) = preSolution
		HideSolutionNode = FALSE
	EndGlobalSection
EndGlobal
